// !$*UTF8*$!
{
	archiveVersion = 1;
	classes = {
	};
	objectVersion = 56;
	objects = {

/* Begin PBXBuildFile section */
		F98E3B392A7ACBE1006263B7 /* AuthorizedNavigator.swift in Sources */ = {isa = PBXBuildFile; fileRef = F98E3B382A7ACBE1006263B7 /* AuthorizedNavigator.swift */; };
		F98E3B3B2A7ACC37006263B7 /* MockData.swift in Sources */ = {isa = PBXBuildFile; fileRef = F98E3B3A2A7ACC37006263B7 /* MockData.swift */; };
		F98E3B402A7ACD6C006263B7 /* HomeScreen.swift in Sources */ = {isa = PBXBuildFile; fileRef = F98E3B3F2A7ACD6C006263B7 /* HomeScreen.swift */; };
		F98E3B422A7AD15B006263B7 /* ArticlesViewModel.swift in Sources */ = {isa = PBXBuildFile; fileRef = F98E3B412A7AD15B006263B7 /* ArticlesViewModel.swift */; };
		F98E3B442A7AD167006263B7 /* Articles.swift in Sources */ = {isa = PBXBuildFile; fileRef = F98E3B432A7AD167006263B7 /* Articles.swift */; };
		F98E3B462A7AD5E7006263B7 /* LoadingView.swift in Sources */ = {isa = PBXBuildFile; fileRef = F98E3B452A7AD5E7006263B7 /* LoadingView.swift */; };
		F98E3B482A7B0A32006263B7 /* FistAppearModifier.swift in Sources */ = {isa = PBXBuildFile; fileRef = F98E3B472A7B0A32006263B7 /* FistAppearModifier.swift */; };
		F98E3B4A2A7B0ACD006263B7 /* View+Extensions.swift in Sources */ = {isa = PBXBuildFile; fileRef = F98E3B492A7B0ACD006263B7 /* View+Extensions.swift */; };
		F9D0505F2A76C5E700B3EE5C /* RealWorldAppApp.swift in Sources */ = {isa = PBXBuildFile; fileRef = F9D0505E2A76C5E700B3EE5C /* RealWorldAppApp.swift */; };
		F9D050612A76C5E700B3EE5C /* ContentView.swift in Sources */ = {isa = PBXBuildFile; fileRef = F9D050602A76C5E700B3EE5C /* ContentView.swift */; };
		F9D050632A76C5E800B3EE5C /* Assets.xcassets in Resources */ = {isa = PBXBuildFile; fileRef = F9D050622A76C5E800B3EE5C /* Assets.xcassets */; };
		F9D050662A76C5E800B3EE5C /* Preview Assets.xcassets in Resources */ = {isa = PBXBuildFile; fileRef = F9D050652A76C5E800B3EE5C /* Preview Assets.xcassets */; };
		F9D0506E2A76CB3500B3EE5C /* UnAuthorizedNavigator.swift in Sources */ = {isa = PBXBuildFile; fileRef = F9D0506D2A76CB3500B3EE5C /* UnAuthorizedNavigator.swift */; };
		F9D050742A76D0B400B3EE5C /* LoginScreen.swift in Sources */ = {isa = PBXBuildFile; fileRef = F9D050732A76D0B400B3EE5C /* LoginScreen.swift */; };
		F9D050762A76D0C400B3EE5C /* SignUpScreen.swift in Sources */ = {isa = PBXBuildFile; fileRef = F9D050752A76D0C400B3EE5C /* SignUpScreen.swift */; };
		F9D050792A76D2D000B3EE5C /* LoadingButton.swift in Sources */ = {isa = PBXBuildFile; fileRef = F9D050782A76D2D000B3EE5C /* LoadingButton.swift */; };
		F9D0507C2A771A1700B3EE5C /* Color+Extensions.swift in Sources */ = {isa = PBXBuildFile; fileRef = F9D0507B2A771A1700B3EE5C /* Color+Extensions.swift */; };
		F9D050802A771DB300B3EE5C /* User.swift in Sources */ = {isa = PBXBuildFile; fileRef = F9D0507F2A771DB300B3EE5C /* User.swift */; };
		F9D050822A771DEF00B3EE5C /* LoginViewModel.swift in Sources */ = {isa = PBXBuildFile; fileRef = F9D050812A771DEF00B3EE5C /* LoginViewModel.swift */; };
		F9D050842A771EEB00B3EE5C /* AppTextField.swift in Sources */ = {isa = PBXBuildFile; fileRef = F9D050832A771EEB00B3EE5C /* AppTextField.swift */; };
		F9D050872A771FD200B3EE5C /* AppTextFieldModifier.swift in Sources */ = {isa = PBXBuildFile; fileRef = F9D050862A771FD200B3EE5C /* AppTextFieldModifier.swift */; };
		F9D0508B2A775E4C00B3EE5C /* ConduitService.swift in Sources */ = {isa = PBXBuildFile; fileRef = F9D0508A2A775E4C00B3EE5C /* ConduitService.swift */; };
		F9EE3D672A78C32E000BA129 /* AuthViewModel.swift in Sources */ = {isa = PBXBuildFile; fileRef = F9EE3D662A78C32E000BA129 /* AuthViewModel.swift */; };
		F9EE3D6A2A78CA87000BA129 /* UserProfileScreen.swift in Sources */ = {isa = PBXBuildFile; fileRef = F9EE3D692A78CA87000BA129 /* UserProfileScreen.swift */; };
		F9EE3D6C2A78CCEC000BA129 /* MainNavigator.swift in Sources */ = {isa = PBXBuildFile; fileRef = F9EE3D6B2A78CCEC000BA129 /* MainNavigator.swift */; };
/* End PBXBuildFile section */

/* Begin PBXFileReference section */
		F98E3B382A7ACBE1006263B7 /* AuthorizedNavigator.swift */ = {isa = PBXFileReference; lastKnownFileType = sourcecode.swift; path = AuthorizedNavigator.swift; sourceTree = "<group>"; };
		F98E3B3A2A7ACC37006263B7 /* MockData.swift */ = {isa = PBXFileReference; lastKnownFileType = sourcecode.swift; path = MockData.swift; sourceTree = "<group>"; };
		F98E3B3F2A7ACD6C006263B7 /* HomeScreen.swift */ = {isa = PBXFileReference; lastKnownFileType = sourcecode.swift; path = HomeScreen.swift; sourceTree = "<group>"; };
		F98E3B412A7AD15B006263B7 /* ArticlesViewModel.swift */ = {isa = PBXFileReference; lastKnownFileType = sourcecode.swift; path = ArticlesViewModel.swift; sourceTree = "<group>"; };
		F98E3B432A7AD167006263B7 /* Articles.swift */ = {isa = PBXFileReference; lastKnownFileType = sourcecode.swift; path = Articles.swift; sourceTree = "<group>"; };
		F98E3B452A7AD5E7006263B7 /* LoadingView.swift */ = {isa = PBXFileReference; lastKnownFileType = sourcecode.swift; path = LoadingView.swift; sourceTree = "<group>"; };
		F98E3B472A7B0A32006263B7 /* FistAppearModifier.swift */ = {isa = PBXFileReference; lastKnownFileType = sourcecode.swift; path = FistAppearModifier.swift; sourceTree = "<group>"; };
		F98E3B492A7B0ACD006263B7 /* View+Extensions.swift */ = {isa = PBXFileReference; lastKnownFileType = sourcecode.swift; path = "View+Extensions.swift"; sourceTree = "<group>"; };
		F9D0505B2A76C5E700B3EE5C /* RealWorldApp.app */ = {isa = PBXFileReference; explicitFileType = wrapper.application; includeInIndex = 0; path = RealWorldApp.app; sourceTree = BUILT_PRODUCTS_DIR; };
		F9D0505E2A76C5E700B3EE5C /* RealWorldAppApp.swift */ = {isa = PBXFileReference; lastKnownFileType = sourcecode.swift; path = RealWorldAppApp.swift; sourceTree = "<group>"; };
		F9D050602A76C5E700B3EE5C /* ContentView.swift */ = {isa = PBXFileReference; lastKnownFileType = sourcecode.swift; path = ContentView.swift; sourceTree = "<group>"; };
		F9D050622A76C5E800B3EE5C /* Assets.xcassets */ = {isa = PBXFileReference; lastKnownFileType = folder.assetcatalog; path = Assets.xcassets; sourceTree = "<group>"; };
		F9D050652A76C5E800B3EE5C /* Preview Assets.xcassets */ = {isa = PBXFileReference; lastKnownFileType = folder.assetcatalog; path = "Preview Assets.xcassets"; sourceTree = "<group>"; };
		F9D0506D2A76CB3500B3EE5C /* UnAuthorizedNavigator.swift */ = {isa = PBXFileReference; lastKnownFileType = sourcecode.swift; path = UnAuthorizedNavigator.swift; sourceTree = "<group>"; };
		F9D050732A76D0B400B3EE5C /* LoginScreen.swift */ = {isa = PBXFileReference; lastKnownFileType = sourcecode.swift; path = LoginScreen.swift; sourceTree = "<group>"; };
		F9D050752A76D0C400B3EE5C /* SignUpScreen.swift */ = {isa = PBXFileReference; lastKnownFileType = sourcecode.swift; path = SignUpScreen.swift; sourceTree = "<group>"; };
		F9D050782A76D2D000B3EE5C /* LoadingButton.swift */ = {isa = PBXFileReference; lastKnownFileType = sourcecode.swift; path = LoadingButton.swift; sourceTree = "<group>"; };
		F9D0507B2A771A1700B3EE5C /* Color+Extensions.swift */ = {isa = PBXFileReference; lastKnownFileType = sourcecode.swift; path = "Color+Extensions.swift"; sourceTree = "<group>"; };
		F9D0507F2A771DB300B3EE5C /* User.swift */ = {isa = PBXFileReference; lastKnownFileType = sourcecode.swift; path = User.swift; sourceTree = "<group>"; };
		F9D050812A771DEF00B3EE5C /* LoginViewModel.swift */ = {isa = PBXFileReference; lastKnownFileType = sourcecode.swift; path = LoginViewModel.swift; sourceTree = "<group>"; };
		F9D050832A771EEB00B3EE5C /* AppTextField.swift */ = {isa = PBXFileReference; lastKnownFileType = sourcecode.swift; path = AppTextField.swift; sourceTree = "<group>"; };
		F9D050862A771FD200B3EE5C /* AppTextFieldModifier.swift */ = {isa = PBXFileReference; lastKnownFileType = sourcecode.swift; path = AppTextFieldModifier.swift; sourceTree = "<group>"; };
		F9D0508A2A775E4C00B3EE5C /* ConduitService.swift */ = {isa = PBXFileReference; lastKnownFileType = sourcecode.swift; path = ConduitService.swift; sourceTree = "<group>"; };
		F9EE3D662A78C32E000BA129 /* AuthViewModel.swift */ = {isa = PBXFileReference; lastKnownFileType = sourcecode.swift; path = AuthViewModel.swift; sourceTree = "<group>"; };
		F9EE3D692A78CA87000BA129 /* UserProfileScreen.swift */ = {isa = PBXFileReference; lastKnownFileType = sourcecode.swift; path = UserProfileScreen.swift; sourceTree = "<group>"; };
		F9EE3D6B2A78CCEC000BA129 /* MainNavigator.swift */ = {isa = PBXFileReference; lastKnownFileType = sourcecode.swift; path = MainNavigator.swift; sourceTree = "<group>"; };
/* End PBXFileReference section */

/* Begin PBXFrameworksBuildPhase section */
		F9D050582A76C5E700B3EE5C /* Frameworks */ = {
			isa = PBXFrameworksBuildPhase;
			buildActionMask = 2147483647;
			files = (
			);
			runOnlyForDeploymentPostprocessing = 0;
		};
/* End PBXFrameworksBuildPhase section */

/* Begin PBXGroup section */
		F98E3B3C2A7ACC3D006263B7 /* MockData */ = {
			isa = PBXGroup;
			children = (
				F98E3B3A2A7ACC37006263B7 /* MockData.swift */,
			);
			path = MockData;
			sourceTree = "<group>";
		};
		F9D050522A76C5E700B3EE5C = {
			isa = PBXGroup;
			children = (
				F9D0505D2A76C5E700B3EE5C /* RealWorldApp */,
				F9D0505C2A76C5E700B3EE5C /* Products */,
			);
			sourceTree = "<group>";
		};
		F9D0505C2A76C5E700B3EE5C /* Products */ = {
			isa = PBXGroup;
			children = (
				F9D0505B2A76C5E700B3EE5C /* RealWorldApp.app */,
			);
			name = Products;
			sourceTree = "<group>";
		};
		F9D0505D2A76C5E700B3EE5C /* RealWorldApp */ = {
			isa = PBXGroup;
			children = (
				F98E3B3C2A7ACC3D006263B7 /* MockData */,
				F9D050882A772A7900B3EE5C /* Neworking */,
				F9D050852A771FBB00B3EE5C /* Modifiers */,
				F9D0507E2A771D9800B3EE5C /* Models */,
				F9D0507D2A771D8E00B3EE5C /* ViewModels */,
				F9D0507A2A771A0900B3EE5C /* Extensions */,
				F9D050772A76D2A600B3EE5C /* Views */,
				F9D0506F2A76D08E00B3EE5C /* Screens */,
				F9D0506C2A76CB0900B3EE5C /* Navigation */,
				F9D0505E2A76C5E700B3EE5C /* RealWorldAppApp.swift */,
				F9D050602A76C5E700B3EE5C /* ContentView.swift */,
				F9D050622A76C5E800B3EE5C /* Assets.xcassets */,
				F9D050642A76C5E800B3EE5C /* Preview Content */,
			);
			path = RealWorldApp;
			sourceTree = "<group>";
		};
		F9D050642A76C5E800B3EE5C /* Preview Content */ = {
			isa = PBXGroup;
			children = (
				F9D050652A76C5E800B3EE5C /* Preview Assets.xcassets */,
			);
			path = "Preview Content";
			sourceTree = "<group>";
		};
		F9D0506C2A76CB0900B3EE5C /* Navigation */ = {
			isa = PBXGroup;
			children = (
				F98E3B382A7ACBE1006263B7 /* AuthorizedNavigator.swift */,
				F9D0506D2A76CB3500B3EE5C /* UnAuthorizedNavigator.swift */,
				F9EE3D6B2A78CCEC000BA129 /* MainNavigator.swift */,
			);
			path = Navigation;
			sourceTree = "<group>";
		};
		F9D0506F2A76D08E00B3EE5C /* Screens */ = {
			isa = PBXGroup;
			children = (
				F9EE3D682A78CA6E000BA129 /* AuthorizedFlow */,
				F9D050702A76D09600B3EE5C /* UnAuthFlow */,
			);
			path = Screens;
			sourceTree = "<group>";
		};
		F9D050702A76D09600B3EE5C /* UnAuthFlow */ = {
			isa = PBXGroup;
			children = (
				F9D050732A76D0B400B3EE5C /* LoginScreen.swift */,
				F9D050752A76D0C400B3EE5C /* SignUpScreen.swift */,
			);
			path = UnAuthFlow;
			sourceTree = "<group>";
		};
		F9D050772A76D2A600B3EE5C /* Views */ = {
			isa = PBXGroup;
			children = (
				F9D050782A76D2D000B3EE5C /* LoadingButton.swift */,
				F9D050832A771EEB00B3EE5C /* AppTextField.swift */,
				F98E3B452A7AD5E7006263B7 /* LoadingView.swift */,
			);
			path = Views;
			sourceTree = "<group>";
		};
		F9D0507A2A771A0900B3EE5C /* Extensions */ = {
			isa = PBXGroup;
			children = (
				F9D0507B2A771A1700B3EE5C /* Color+Extensions.swift */,
				F98E3B492A7B0ACD006263B7 /* View+Extensions.swift */,
			);
			path = Extensions;
			sourceTree = "<group>";
		};
		F9D0507D2A771D8E00B3EE5C /* ViewModels */ = {
			isa = PBXGroup;
			children = (
				F9EE3D662A78C32E000BA129 /* AuthViewModel.swift */,
				F9D050812A771DEF00B3EE5C /* LoginViewModel.swift */,
				F98E3B412A7AD15B006263B7 /* ArticlesViewModel.swift */,
			);
			path = ViewModels;
			sourceTree = "<group>";
		};
		F9D0507E2A771D9800B3EE5C /* Models */ = {
			isa = PBXGroup;
			children = (
				F9D0507F2A771DB300B3EE5C /* User.swift */,
				F98E3B432A7AD167006263B7 /* Articles.swift */,
			);
			path = Models;
			sourceTree = "<group>";
		};
		F9D050852A771FBB00B3EE5C /* Modifiers */ = {
			isa = PBXGroup;
			children = (
				F9D050862A771FD200B3EE5C /* AppTextFieldModifier.swift */,
				F98E3B472A7B0A32006263B7 /* FistAppearModifier.swift */,
			);
			path = Modifiers;
			sourceTree = "<group>";
		};
		F9D050882A772A7900B3EE5C /* Neworking */ = {
			isa = PBXGroup;
			children = (
				F9D0508A2A775E4C00B3EE5C /* ConduitService.swift */,
			);
			path = Neworking;
			sourceTree = "<group>";
		};
		F9EE3D682A78CA6E000BA129 /* AuthorizedFlow */ = {
			isa = PBXGroup;
			children = (
				F9EE3D692A78CA87000BA129 /* UserProfileScreen.swift */,
				F98E3B3F2A7ACD6C006263B7 /* HomeScreen.swift */,
			);
			path = AuthorizedFlow;
			sourceTree = "<group>";
		};
/* End PBXGroup section */

/* Begin PBXNativeTarget section */
		F9D0505A2A76C5E700B3EE5C /* RealWorldApp */ = {
			isa = PBXNativeTarget;
			buildConfigurationList = F9D050692A76C5E800B3EE5C /* Build configuration list for PBXNativeTarget "RealWorldApp" */;
			buildPhases = (
				F9D050572A76C5E700B3EE5C /* Sources */,
				F9D050582A76C5E700B3EE5C /* Frameworks */,
				F9D050592A76C5E700B3EE5C /* Resources */,
			);
			buildRules = (
			);
			dependencies = (
			);
			name = RealWorldApp;
			productName = RealWorldApp;
			productReference = F9D0505B2A76C5E700B3EE5C /* RealWorldApp.app */;
			productType = "com.apple.product-type.application";
		};
/* End PBXNativeTarget section */

/* Begin PBXProject section */
		F9D050532A76C5E700B3EE5C /* Project object */ = {
			isa = PBXProject;
			attributes = {
				BuildIndependentTargetsInParallel = 1;
				LastSwiftUpdateCheck = 1410;
				LastUpgradeCheck = 1410;
				TargetAttributes = {
					F9D0505A2A76C5E700B3EE5C = {
						CreatedOnToolsVersion = 14.1;
					};
				};
			};
			buildConfigurationList = F9D050562A76C5E700B3EE5C /* Build configuration list for PBXProject "RealWorldApp" */;
			compatibilityVersion = "Xcode 14.0";
			developmentRegion = en;
			hasScannedForEncodings = 0;
			knownRegions = (
				en,
				Base,
			);
			mainGroup = F9D050522A76C5E700B3EE5C;
			productRefGroup = F9D0505C2A76C5E700B3EE5C /* Products */;
			projectDirPath = "";
			projectRoot = "";
			targets = (
				F9D0505A2A76C5E700B3EE5C /* RealWorldApp */,
			);
		};
/* End PBXProject section */

/* Begin PBXResourcesBuildPhase section */
		F9D050592A76C5E700B3EE5C /* Resources */ = {
			isa = PBXResourcesBuildPhase;
			buildActionMask = 2147483647;
			files = (
				F9D050662A76C5E800B3EE5C /* Preview Assets.xcassets in Resources */,
				F9D050632A76C5E800B3EE5C /* Assets.xcassets in Resources */,
			);
			runOnlyForDeploymentPostprocessing = 0;
		};
/* End PBXResourcesBuildPhase section */

/* Begin PBXSourcesBuildPhase section */
		F9D050572A76C5E700B3EE5C /* Sources */ = {
			isa = PBXSourcesBuildPhase;
			buildActionMask = 2147483647;
			files = (
				F9EE3D6A2A78CA87000BA129 /* UserProfileScreen.swift in Sources */,
				F98E3B422A7AD15B006263B7 /* ArticlesViewModel.swift in Sources */,
				F9D050802A771DB300B3EE5C /* User.swift in Sources */,
				F9D050792A76D2D000B3EE5C /* LoadingButton.swift in Sources */,
				F98E3B3B2A7ACC37006263B7 /* MockData.swift in Sources */,
				F98E3B482A7B0A32006263B7 /* FistAppearModifier.swift in Sources */,
				F98E3B462A7AD5E7006263B7 /* LoadingView.swift in Sources */,
				F9D0508B2A775E4C00B3EE5C /* ConduitService.swift in Sources */,
				F98E3B4A2A7B0ACD006263B7 /* View+Extensions.swift in Sources */,
				F9D050762A76D0C400B3EE5C /* SignUpScreen.swift in Sources */,
				F9D0506E2A76CB3500B3EE5C /* UnAuthorizedNavigator.swift in Sources */,
				F9D050742A76D0B400B3EE5C /* LoginScreen.swift in Sources */,
				F9EE3D6C2A78CCEC000BA129 /* MainNavigator.swift in Sources */,
				F9D0507C2A771A1700B3EE5C /* Color+Extensions.swift in Sources */,
				F9EE3D672A78C32E000BA129 /* AuthViewModel.swift in Sources */,
				F9D050612A76C5E700B3EE5C /* ContentView.swift in Sources */,
				F9D0505F2A76C5E700B3EE5C /* RealWorldAppApp.swift in Sources */,
				F9D050822A771DEF00B3EE5C /* LoginViewModel.swift in Sources */,
				F98E3B402A7ACD6C006263B7 /* HomeScreen.swift in Sources */,
				F98E3B442A7AD167006263B7 /* Articles.swift in Sources */,
				F9D050842A771EEB00B3EE5C /* AppTextField.swift in Sources */,
				F98E3B392A7ACBE1006263B7 /* AuthorizedNavigator.swift in Sources */,
				F9D050872A771FD200B3EE5C /* AppTextFieldModifier.swift in Sources */,
			);
			runOnlyForDeploymentPostprocessing = 0;
		};
/* End PBXSourcesBuildPhase section */

/* Begin XCBuildConfiguration section */
		F9D050672A76C5E800B3EE5C /* Debug */ = {
			isa = XCBuildConfiguration;
			buildSettings = {
				ALWAYS_SEARCH_USER_PATHS = NO;
				CLANG_ANALYZER_NONNULL = YES;
				CLANG_ANALYZER_NUMBER_OBJECT_CONVERSION = YES_AGGRESSIVE;
				CLANG_CXX_LANGUAGE_STANDARD = "gnu++20";
				CLANG_ENABLE_MODULES = YES;
				CLANG_ENABLE_OBJC_ARC = YES;
				CLANG_ENABLE_OBJC_WEAK = YES;
				CLANG_WARN_BLOCK_CAPTURE_AUTORELEASING = YES;
				CLANG_WARN_BOOL_CONVERSION = YES;
				CLANG_WARN_COMMA = YES;
				CLANG_WARN_CONSTANT_CONVERSION = YES;
				CLANG_WARN_DEPRECATED_OBJC_IMPLEMENTATIONS = YES;
				CLANG_WARN_DIRECT_OBJC_ISA_USAGE = YES_ERROR;
				CLANG_WARN_DOCUMENTATION_COMMENTS = YES;
				CLANG_WARN_EMPTY_BODY = YES;
				CLANG_WARN_ENUM_CONVERSION = YES;
				CLANG_WARN_INFINITE_RECURSION = YES;
				CLANG_WARN_INT_CONVERSION = YES;
				CLANG_WARN_NON_LITERAL_NULL_CONVERSION = YES;
				CLANG_WARN_OBJC_IMPLICIT_RETAIN_SELF = YES;
				CLANG_WARN_OBJC_LITERAL_CONVERSION = YES;
				CLANG_WARN_OBJC_ROOT_CLASS = YES_ERROR;
				CLANG_WARN_QUOTED_INCLUDE_IN_FRAMEWORK_HEADER = YES;
				CLANG_WARN_RANGE_LOOP_ANALYSIS = YES;
				CLANG_WARN_STRICT_PROTOTYPES = YES;
				CLANG_WARN_SUSPICIOUS_MOVE = YES;
				CLANG_WARN_UNGUARDED_AVAILABILITY = YES_AGGRESSIVE;
				CLANG_WARN_UNREACHABLE_CODE = YES;
				CLANG_WARN__DUPLICATE_METHOD_MATCH = YES;
				COPY_PHASE_STRIP = NO;
				DEBUG_INFORMATION_FORMAT = dwarf;
				ENABLE_STRICT_OBJC_MSGSEND = YES;
				ENABLE_TESTABILITY = YES;
				GCC_C_LANGUAGE_STANDARD = gnu11;
				GCC_DYNAMIC_NO_PIC = NO;
				GCC_NO_COMMON_BLOCKS = YES;
				GCC_OPTIMIZATION_LEVEL = 0;
				GCC_PREPROCESSOR_DEFINITIONS = (
					"DEBUG=1",
					"$(inherited)",
				);
				GCC_WARN_64_TO_32_BIT_CONVERSION = YES;
				GCC_WARN_ABOUT_RETURN_TYPE = YES_ERROR;
				GCC_WARN_UNDECLARED_SELECTOR = YES;
				GCC_WARN_UNINITIALIZED_AUTOS = YES_AGGRESSIVE;
				GCC_WARN_UNUSED_FUNCTION = YES;
				GCC_WARN_UNUSED_VARIABLE = YES;
				IPHONEOS_DEPLOYMENT_TARGET = 16.1;
				MTL_ENABLE_DEBUG_INFO = INCLUDE_SOURCE;
				MTL_FAST_MATH = YES;
				ONLY_ACTIVE_ARCH = YES;
				SDKROOT = iphoneos;
				SWIFT_ACTIVE_COMPILATION_CONDITIONS = DEBUG;
				SWIFT_OPTIMIZATION_LEVEL = "-Onone";
			};
			name = Debug;
		};
		F9D050682A76C5E800B3EE5C /* Release */ = {
			isa = XCBuildConfiguration;
			buildSettings = {
				ALWAYS_SEARCH_USER_PATHS = NO;
				CLANG_ANALYZER_NONNULL = YES;
				CLANG_ANALYZER_NUMBER_OBJECT_CONVERSION = YES_AGGRESSIVE;
				CLANG_CXX_LANGUAGE_STANDARD = "gnu++20";
				CLANG_ENABLE_MODULES = YES;
				CLANG_ENABLE_OBJC_ARC = YES;
				CLANG_ENABLE_OBJC_WEAK = YES;
				CLANG_WARN_BLOCK_CAPTURE_AUTORELEASING = YES;
				CLANG_WARN_BOOL_CONVERSION = YES;
				CLANG_WARN_COMMA = YES;
				CLANG_WARN_CONSTANT_CONVERSION = YES;
				CLANG_WARN_DEPRECATED_OBJC_IMPLEMENTATIONS = YES;
				CLANG_WARN_DIRECT_OBJC_ISA_USAGE = YES_ERROR;
				CLANG_WARN_DOCUMENTATION_COMMENTS = YES;
				CLANG_WARN_EMPTY_BODY = YES;
				CLANG_WARN_ENUM_CONVERSION = YES;
				CLANG_WARN_INFINITE_RECURSION = YES;
				CLANG_WARN_INT_CONVERSION = YES;
				CLANG_WARN_NON_LITERAL_NULL_CONVERSION = YES;
				CLANG_WARN_OBJC_IMPLICIT_RETAIN_SELF = YES;
				CLANG_WARN_OBJC_LITERAL_CONVERSION = YES;
				CLANG_WARN_OBJC_ROOT_CLASS = YES_ERROR;
				CLANG_WARN_QUOTED_INCLUDE_IN_FRAMEWORK_HEADER = YES;
				CLANG_WARN_RANGE_LOOP_ANALYSIS = YES;
				CLANG_WARN_STRICT_PROTOTYPES = YES;
				CLANG_WARN_SUSPICIOUS_MOVE = YES;
				CLANG_WARN_UNGUARDED_AVAILABILITY = YES_AGGRESSIVE;
				CLANG_WARN_UNREACHABLE_CODE = YES;
				CLANG_WARN__DUPLICATE_METHOD_MATCH = YES;
				COPY_PHASE_STRIP = NO;
				DEBUG_INFORMATION_FORMAT = "dwarf-with-dsym";
				ENABLE_NS_ASSERTIONS = NO;
				ENABLE_STRICT_OBJC_MSGSEND = YES;
				GCC_C_LANGUAGE_STANDARD = gnu11;
				GCC_NO_COMMON_BLOCKS = YES;
				GCC_WARN_64_TO_32_BIT_CONVERSION = YES;
				GCC_WARN_ABOUT_RETURN_TYPE = YES_ERROR;
				GCC_WARN_UNDECLARED_SELECTOR = YES;
				GCC_WARN_UNINITIALIZED_AUTOS = YES_AGGRESSIVE;
				GCC_WARN_UNUSED_FUNCTION = YES;
				GCC_WARN_UNUSED_VARIABLE = YES;
				IPHONEOS_DEPLOYMENT_TARGET = 16.1;
				MTL_ENABLE_DEBUG_INFO = NO;
				MTL_FAST_MATH = YES;
				SDKROOT = iphoneos;
				SWIFT_COMPILATION_MODE = wholemodule;
				SWIFT_OPTIMIZATION_LEVEL = "-O";
				VALIDATE_PRODUCT = YES;
			};
			name = Release;
		};
		F9D0506A2A76C5E800B3EE5C /* Debug */ = {
			isa = XCBuildConfiguration;
			buildSettings = {
				ASSETCATALOG_COMPILER_APPICON_NAME = AppIcon;
				ASSETCATALOG_COMPILER_GLOBAL_ACCENT_COLOR_NAME = AccentColor;
				CODE_SIGN_STYLE = Automatic;
				CURRENT_PROJECT_VERSION = 1;
				DEVELOPMENT_ASSET_PATHS = "\"RealWorldApp/Preview Content\"";
				DEVELOPMENT_TEAM = 7UC92653G8;
				ENABLE_PREVIEWS = YES;
				GENERATE_INFOPLIST_FILE = YES;
				INFOPLIST_KEY_UIApplicationSceneManifest_Generation = YES;
				INFOPLIST_KEY_UIApplicationSupportsIndirectInputEvents = YES;
				INFOPLIST_KEY_UILaunchScreen_Generation = YES;
				INFOPLIST_KEY_UISupportedInterfaceOrientations_iPad = "UIInterfaceOrientationPortrait UIInterfaceOrientationPortraitUpsideDown UIInterfaceOrientationLandscapeLeft UIInterfaceOrientationLandscapeRight";
				INFOPLIST_KEY_UISupportedInterfaceOrientations_iPhone = "UIInterfaceOrientationPortrait UIInterfaceOrientationLandscapeLeft UIInterfaceOrientationLandscapeRight";
				LD_RUNPATH_SEARCH_PATHS = (
					"$(inherited)",
					"@executable_path/Frameworks",
				);
				MARKETING_VERSION = 1.0;
				PRODUCT_BUNDLE_IDENTIFIER = com.franklin.RealWorldApp;
				PRODUCT_NAME = "$(TARGET_NAME)";
				SWIFT_EMIT_LOC_STRINGS = YES;
				SWIFT_VERSION = 5.0;
				TARGETED_DEVICE_FAMILY = "1,2";
			};
			name = Debug;
		};
		F9D0506B2A76C5E800B3EE5C /* Release */ = {
			isa = XCBuildConfiguration;
			buildSettings = {
				ASSETCATALOG_COMPILER_APPICON_NAME = AppIcon;
				ASSETCATALOG_COMPILER_GLOBAL_ACCENT_COLOR_NAME = AccentColor;
				CODE_SIGN_STYLE = Automatic;
				CURRENT_PROJECT_VERSION = 1;
				DEVELOPMENT_ASSET_PATHS = "\"RealWorldApp/Preview Content\"";
				DEVELOPMENT_TEAM = 7UC92653G8;
				ENABLE_PREVIEWS = YES;
				GENERATE_INFOPLIST_FILE = YES;
				INFOPLIST_KEY_UIApplicationSceneManifest_Generation = YES;
				INFOPLIST_KEY_UIApplicationSupportsIndirectInputEvents = YES;
				INFOPLIST_KEY_UILaunchScreen_Generation = YES;
				INFOPLIST_KEY_UISupportedInterfaceOrientations_iPad = "UIInterfaceOrientationPortrait UIInterfaceOrientationPortraitUpsideDown UIInterfaceOrientationLandscapeLeft UIInterfaceOrientationLandscapeRight";
				INFOPLIST_KEY_UISupportedInterfaceOrientations_iPhone = "UIInterfaceOrientationPortrait UIInterfaceOrientationLandscapeLeft UIInterfaceOrientationLandscapeRight";
				LD_RUNPATH_SEARCH_PATHS = (
					"$(inherited)",
					"@executable_path/Frameworks",
				);
				MARKETING_VERSION = 1.0;
				PRODUCT_BUNDLE_IDENTIFIER = com.franklin.RealWorldApp;
				PRODUCT_NAME = "$(TARGET_NAME)";
				SWIFT_EMIT_LOC_STRINGS = YES;
				SWIFT_VERSION = 5.0;
				TARGETED_DEVICE_FAMILY = "1,2";
			};
			name = Release;
		};
/* End XCBuildConfiguration section */

/* Begin XCConfigurationList section */
		F9D050562A76C5E700B3EE5C /* Build configuration list for PBXProject "RealWorldApp" */ = {
			isa = XCConfigurationList;
			buildConfigurations = (
				F9D050672A76C5E800B3EE5C /* Debug */,
				F9D050682A76C5E800B3EE5C /* Release */,
			);
			defaultConfigurationIsVisible = 0;
			defaultConfigurationName = Release;
		};
		F9D050692A76C5E800B3EE5C /* Build configuration list for PBXNativeTarget "RealWorldApp" */ = {
			isa = XCConfigurationList;
			buildConfigurations = (
				F9D0506A2A76C5E800B3EE5C /* Debug */,
				F9D0506B2A76C5E800B3EE5C /* Release */,
			);
			defaultConfigurationIsVisible = 0;
			defaultConfigurationName = Release;
		};
/* End XCConfigurationList section */
	};
	rootObject = F9D050532A76C5E700B3EE5C /* Project object */;
}
